
Microsoft Visual Studio Solution File, Format Version 12.00
# Visual Studio Version 17
VisualStudioVersion = 17.1.31903.286
MinimumVisualStudioVersion = 10.0.40219.1
Project("{9A19103F-16F7-4668-BE54-9A1E7A4F7556}") = "Modzy.CLI", "Modzy.CLI\Modzy.CLI.csproj", "{CE1F5232-627D-422C-9459-6244BCDB0AC7}"
EndProject
Project("{FAE04EC0-301F-11D3-BF4B-00C04F79EFBC}") = "Modzy.Base", "Modzy.Base\Modzy.Base.csproj", "{798A68CD-62AF-4F20-ADD4-BF9C361985E1}"
EndProject
Global
	GlobalSection(SolutionConfigurationPlatforms) = preSolution
		Debug|Any CPU = Debug|Any CPU
		Release|Any CPU = Release|Any CPU
	EndGlobalSection
	GlobalSection(ProjectConfigurationPlatforms) = postSolution
		{CE1F5232-627D-422C-9459-6244BCDB0AC7}.Debug|Any CPU.ActiveCfg = Debug|Any CPU
		{CE1F5232-627D-422C-9459-6244BCDB0AC7}.Debug|Any CPU.Build.0 = Debug|Any CPU
		{CE1F5232-627D-422C-9459-6244BCDB0AC7}.Release|Any CPU.ActiveCfg = Release|Any CPU
		{CE1F5232-627D-422C-9459-6244BCDB0AC7}.Release|Any CPU.Build.0 = Release|Any CPU
		{798A68CD-62AF-4F20-ADD4-BF9C361985E1}.Debug|Any CPU.ActiveCfg = Debug|Any CPU
		{798A68CD-62AF-4F20-ADD4-BF9C361985E1}.Debug|Any CPU.Build.0 = Debug|Any CPU
		{798A68CD-62AF-4F20-ADD4-BF9C361985E1}.Release|Any CPU.ActiveCfg = Release|Any CPU
		{798A68CD-62AF-4F20-ADD4-BF9C361985E1}.Release|Any CPU.Build.0 = Release|Any CPU
	EndGlobalSection
	GlobalSection(SolutionProperties) = preSolution
		HideSolutionNode = FALSE
	EndGlobalSection
	GlobalSection(ExtensibilityGlobals) = postSolution
		SolutionGuid = {F6E6F397-B844-479D-9000-5BBC3982351C}
	EndGlobalSection
EndGlobal
